
Microsoft Visual Studio Solution File, Format Version 12.00
# Visual Studio Version 16
VisualStudioVersion = 16.0.30717.126
MinimumVisualStudioVersion = 10.0.40219.1
Project("{9A19103F-16F7-4668-BE54-9A1E7A4F7556}") = "Play.Catalog", "Play.Catalog.csproj", "{2DADF5E4-7258-484B-A7D7-3A73EDBD0D22}"
EndProject
Project("{9A19103F-16F7-4668-BE54-9A1E7A4F7556}") = "Play.Common", "..\Play.Common\Play.Common.csproj", "{9DD8F4BA-08EB-4CEC-AE81-FEB6AD9A26A6}"
EndProject
Project("{9A19103F-16F7-4668-BE54-9A1E7A4F7556}") = "Play.Inventory", "..\Play.Inventory\Play.Inventory.csproj", "{840EB2EB-7D3A-446C-9D73-3A4DA99C4CA3}"
EndProject
Project("{FAE04EC0-301F-11D3-BF4B-00C04F79EFBC}") = "Play.Identity", "..\Play.Identity\Play.Identity.csproj", "{98C0562D-650D-4083-9CC1-9263A81AAF02}"
EndProject
Global
	GlobalSection(SolutionConfigurationPlatforms) = preSolution
		Debug|Any CPU = Debug|Any CPU
		Release|Any CPU = Release|Any CPU
	EndGlobalSection
	GlobalSection(ProjectConfigurationPlatforms) = postSolution
		{2DADF5E4-7258-484B-A7D7-3A73EDBD0D22}.Debug|Any CPU.ActiveCfg = Debug|Any CPU
		{2DADF5E4-7258-484B-A7D7-3A73EDBD0D22}.Debug|Any CPU.Build.0 = Debug|Any CPU
		{2DADF5E4-7258-484B-A7D7-3A73EDBD0D22}.Release|Any CPU.ActiveCfg = Release|Any CPU
		{2DADF5E4-7258-484B-A7D7-3A73EDBD0D22}.Release|Any CPU.Build.0 = Release|Any CPU
		{9DD8F4BA-08EB-4CEC-AE81-FEB6AD9A26A6}.Debug|Any CPU.ActiveCfg = Debug|Any CPU
		{9DD8F4BA-08EB-4CEC-AE81-FEB6AD9A26A6}.Debug|Any CPU.Build.0 = Debug|Any CPU
		{9DD8F4BA-08EB-4CEC-AE81-FEB6AD9A26A6}.Release|Any CPU.ActiveCfg = Release|Any CPU
		{9DD8F4BA-08EB-4CEC-AE81-FEB6AD9A26A6}.Release|Any CPU.Build.0 = Release|Any CPU
		{840EB2EB-7D3A-446C-9D73-3A4DA99C4CA3}.Debug|Any CPU.ActiveCfg = Debug|Any CPU
		{840EB2EB-7D3A-446C-9D73-3A4DA99C4CA3}.Debug|Any CPU.Build.0 = Debug|Any CPU
		{840EB2EB-7D3A-446C-9D73-3A4DA99C4CA3}.Release|Any CPU.ActiveCfg = Release|Any CPU
		{840EB2EB-7D3A-446C-9D73-3A4DA99C4CA3}.Release|Any CPU.Build.0 = Release|Any CPU
		{98C0562D-650D-4083-9CC1-9263A81AAF02}.Debug|Any CPU.ActiveCfg = Debug|Any CPU
		{98C0562D-650D-4083-9CC1-9263A81AAF02}.Debug|Any CPU.Build.0 = Debug|Any CPU
		{98C0562D-650D-4083-9CC1-9263A81AAF02}.Release|Any CPU.ActiveCfg = Release|Any CPU
		{98C0562D-650D-4083-9CC1-9263A81AAF02}.Release|Any CPU.Build.0 = Release|Any CPU
	EndGlobalSection
	GlobalSection(SolutionProperties) = preSolution
		HideSolutionNode = FALSE
	EndGlobalSection
	GlobalSection(ExtensibilityGlobals) = postSolution
		SolutionGuid = {57882636-2F2A-407C-B56F-5E8C52DE7656}
	EndGlobalSection
EndGlobal
