
Microsoft Visual Studio Solution File, Format Version 12.00
# Visual Studio Version 16
VisualStudioVersion = 16.0.30717.126
MinimumVisualStudioVersion = 10.0.40219.1
Project("{FAE04EC0-301F-11D3-BF4B-00C04F79EFBC}") = "Play.Common", "Play.Common.csproj", "{2813ED93-E556-4FAB-BB1E-6547FD8399C7}"
EndProject
Project("{FAE04EC0-301F-11D3-BF4B-00C04F79EFBC}") = "Play.Catalog", "..\Play.Catalog\Play.Catalog.csproj", "{C52D43DD-BFEE-4A4A-BD42-E5C3E523E79F}"
EndProject
Project("{FAE04EC0-301F-11D3-BF4B-00C04F79EFBC}") = "Play.Inventory", "..\Play.Inventory\Play.Inventory.csproj", "{14470388-2227-414B-B76E-1A8BA4CC6EB5}"
EndProject
Global
	GlobalSection(SolutionConfigurationPlatforms) = preSolution
		Debug|Any CPU = Debug|Any CPU
		Release|Any CPU = Release|Any CPU
	EndGlobalSection
	GlobalSection(ProjectConfigurationPlatforms) = postSolution
		{2813ED93-E556-4FAB-BB1E-6547FD8399C7}.Debug|Any CPU.ActiveCfg = Debug|Any CPU
		{2813ED93-E556-4FAB-BB1E-6547FD8399C7}.Debug|Any CPU.Build.0 = Debug|Any CPU
		{2813ED93-E556-4FAB-BB1E-6547FD8399C7}.Release|Any CPU.ActiveCfg = Release|Any CPU
		{2813ED93-E556-4FAB-BB1E-6547FD8399C7}.Release|Any CPU.Build.0 = Release|Any CPU
		{C52D43DD-BFEE-4A4A-BD42-E5C3E523E79F}.Debug|Any CPU.ActiveCfg = Debug|Any CPU
		{C52D43DD-BFEE-4A4A-BD42-E5C3E523E79F}.Debug|Any CPU.Build.0 = Debug|Any CPU
		{C52D43DD-BFEE-4A4A-BD42-E5C3E523E79F}.Release|Any CPU.ActiveCfg = Release|Any CPU
		{C52D43DD-BFEE-4A4A-BD42-E5C3E523E79F}.Release|Any CPU.Build.0 = Release|Any CPU
		{14470388-2227-414B-B76E-1A8BA4CC6EB5}.Debug|Any CPU.ActiveCfg = Debug|Any CPU
		{14470388-2227-414B-B76E-1A8BA4CC6EB5}.Debug|Any CPU.Build.0 = Debug|Any CPU
		{14470388-2227-414B-B76E-1A8BA4CC6EB5}.Release|Any CPU.ActiveCfg = Release|Any CPU
		{14470388-2227-414B-B76E-1A8BA4CC6EB5}.Release|Any CPU.Build.0 = Release|Any CPU
	EndGlobalSection
	GlobalSection(SolutionProperties) = preSolution
		HideSolutionNode = FALSE
	EndGlobalSection
	GlobalSection(ExtensibilityGlobals) = postSolution
		SolutionGuid = {7DC96F21-9739-407C-BACD-BFBC06559ADF}
	EndGlobalSection
EndGlobal
